version: 6
environments:
  default:
    channels:
    - url: https://conda.anaconda.org/conda-forge/
    packages:
      linux-64:
      - conda: https://conda.anaconda.org/conda-forge/linux-64/_libgcc_mutex-0.1-conda_forge.tar.bz2
      - conda: https://conda.anaconda.org/conda-forge/linux-64/_openmp_mutex-4.5-2_gnu.tar.bz2
      - conda: https://conda.anaconda.org/conda-forge/noarch/appdirs-1.4.4-pyhd8ed1ab_1.conda
      - conda: https://conda.anaconda.org/conda-forge/noarch/beautifulsoup4-4.14.3-pyha770c72_0.conda
      - conda: https://conda.anaconda.org/conda-forge/linux-64/brotli-python-1.1.0-py311hfdbb021_3.conda
      - conda: https://conda.anaconda.org/conda-forge/linux-64/bzip2-1.0.8-h4bc722e_7.conda
      - conda: https://conda.anaconda.org/conda-forge/noarch/ca-certificates-2025.11.12-hbd8a1cb_0.conda
      - conda: https://conda.anaconda.org/conda-forge/noarch/certifi-2025.11.12-pyhd8ed1ab_0.conda
      - conda: https://conda.anaconda.org/conda-forge/linux-64/cffi-1.17.1-py311hf29c0ef_0.conda
      - conda: https://conda.anaconda.org/conda-forge/noarch/charset-normalizer-3.4.4-pyhd8ed1ab_0.conda
      - conda: https://conda.anaconda.org/conda-forge/linux-64/cryptography-45.0.5-py311hafd3f86_0.conda
      - conda: https://conda.anaconda.org/conda-forge/linux-64/frozendict-2.4.6-py311h9ecbd09_0.conda
      - conda: https://conda.anaconda.org/conda-forge/noarch/h2-4.3.0-pyhcf101f3_0.conda
      - conda: https://conda.anaconda.org/conda-forge/noarch/hpack-4.1.0-pyhd8ed1ab_0.conda
      - conda: https://conda.anaconda.org/conda-forge/noarch/html5lib-1.1-pyhd8ed1ab_2.conda
      - conda: https://conda.anaconda.org/conda-forge/noarch/hyperframe-6.1.0-pyhd8ed1ab_0.conda
      - conda: https://conda.anaconda.org/conda-forge/linux-64/icu-75.1-he02047a_0.conda
      - conda: https://conda.anaconda.org/conda-forge/noarch/idna-3.11-pyhd8ed1ab_0.conda
      - conda: https://conda.anaconda.org/conda-forge/linux-64/ld_impl_linux-64-2.45-default_hbd61a6d_105.conda
      - conda: https://conda.anaconda.org/conda-forge/linux-64/libblas-3.9.0-24_linux64_openblas.conda
      - conda: https://conda.anaconda.org/conda-forge/linux-64/libcblas-3.9.0-24_linux64_openblas.conda
      - conda: https://conda.anaconda.org/conda-forge/linux-64/libffi-3.4.6-h2dba641_1.conda
      - conda: https://conda.anaconda.org/conda-forge/linux-64/libgcc-13.4.0-he0feb66_16.conda
      - conda: https://conda.anaconda.org/conda-forge/linux-64/libgcc-ng-13.4.0-h69a702a_16.conda
      - conda: https://conda.anaconda.org/conda-forge/linux-64/libgfortran-13.4.0-h69a702a_16.conda
      - conda: https://conda.anaconda.org/conda-forge/linux-64/libgfortran-ng-13.4.0-h69a702a_16.conda
      - conda: https://conda.anaconda.org/conda-forge/linux-64/libgfortran5-13.4.0-hd358419_16.conda
      - conda: https://conda.anaconda.org/conda-forge/linux-64/libgomp-13.4.0-he0feb66_16.conda
      - conda: https://conda.anaconda.org/conda-forge/linux-64/libiconv-1.18-h4ce23a2_1.conda
      - conda: https://conda.anaconda.org/conda-forge/linux-64/liblapack-3.9.0-24_linux64_openblas.conda
      - conda: https://conda.anaconda.org/conda-forge/linux-64/liblzma-5.8.1-hb9d3cd8_2.conda
      - conda: https://conda.anaconda.org/conda-forge/linux-64/liblzma-devel-5.8.1-hb9d3cd8_2.conda
      - conda: https://conda.anaconda.org/conda-forge/linux-64/libnsl-2.0.1-hb9d3cd8_1.conda
      - conda: https://conda.anaconda.org/conda-forge/linux-64/libopenblas-0.3.27-pthreads_hac2b453_1.conda
      - conda: https://conda.anaconda.org/conda-forge/linux-64/libsqlite-3.50.2-h2f26a44_1.conda
      - conda: https://conda.anaconda.org/conda-forge/linux-64/libstdcxx-13.4.0-h934c35e_16.conda
      - conda: https://conda.anaconda.org/conda-forge/linux-64/libstdcxx-ng-13.4.0-hdf11a46_16.conda
      - conda: https://conda.anaconda.org/conda-forge/linux-64/libuuid-2.38.1-h0b41bf4_0.conda
      - conda: https://conda.anaconda.org/conda-forge/linux-64/libxml2-2.13.8-h4bc477f_0.conda
      - conda: https://conda.anaconda.org/conda-forge/linux-64/libxslt-1.1.43-h7a3aeb2_0.conda
      - conda: https://conda.anaconda.org/conda-forge/linux-64/libzlib-1.3.1-hb9d3cd8_2.conda
      - conda: https://conda.anaconda.org/conda-forge/linux-64/lxml-6.0.0-py311hbd2c71b_0.conda
      - conda: https://conda.anaconda.org/conda-forge/noarch/multitasking-0.0.12-pyhd8ed1ab_0.conda
      - conda: https://conda.anaconda.org/conda-forge/linux-64/ncurses-6.5-h2d0b736_3.conda
      - conda: https://conda.anaconda.org/conda-forge/linux-64/numpy-2.3.1-py311h519dc76_0.conda
      - conda: https://conda.anaconda.org/conda-forge/linux-64/openssl-3.5.1-h7b32b05_0.conda
      - conda: https://conda.anaconda.org/conda-forge/linux-64/pandas-2.3.0-py311h7db5c69_0.conda
      - conda: https://conda.anaconda.org/conda-forge/noarch/pycparser-2.22-pyh29332c3_1.conda
      - conda: https://conda.anaconda.org/conda-forge/noarch/pysocks-1.7.1-pyha55dd90_7.conda
      - conda: https://conda.anaconda.org/conda-forge/linux-64/python-3.11.0-he550d4f_1_cpython.conda
      - conda: https://conda.anaconda.org/conda-forge/noarch/python-dateutil-2.9.0.post0-pyhe01879c_2.conda
      - conda: https://conda.anaconda.org/conda-forge/noarch/python-tzdata-2025.3-pyhd8ed1ab_0.conda
      - conda: https://conda.anaconda.org/conda-forge/noarch/python_abi-3.11-8_cp311.conda
      - conda: https://conda.anaconda.org/conda-forge/noarch/pytz-2025.2-pyhd8ed1ab_0.conda
      - conda: https://conda.anaconda.org/conda-forge/linux-64/readline-8.2-h8c095d6_2.conda
      - conda: https://conda.anaconda.org/conda-forge/noarch/requests-2.32.5-pyhd8ed1ab_0.conda
      - conda: https://conda.anaconda.org/conda-forge/noarch/six-1.17.0-pyhe01879c_1.conda
      - conda: https://conda.anaconda.org/conda-forge/noarch/soupsieve-2.8.1-pyhd8ed1ab_0.conda
      - conda: https://conda.anaconda.org/conda-forge/linux-64/tk-8.6.13-noxft_ha0e22de_103.conda
      - conda: https://conda.anaconda.org/conda-forge/noarch/typing-extensions-4.15.0-h396c80c_0.conda
      - conda: https://conda.anaconda.org/conda-forge/noarch/typing_extensions-4.15.0-pyhcf101f3_0.conda
      - conda: https://conda.anaconda.org/conda-forge/noarch/tzdata-2025c-h8577fbf_0.conda
      - conda: https://conda.anaconda.org/conda-forge/noarch/urllib3-2.5.0-pyhd8ed1ab_0.conda
      - conda: https://conda.anaconda.org/conda-forge/noarch/webencodings-0.5.1-pyhd8ed1ab_3.conda
      - conda: https://conda.anaconda.org/conda-forge/linux-64/xz-5.8.1-hbcc6ac9_2.conda
      - conda: https://conda.anaconda.org/conda-forge/linux-64/xz-gpl-tools-5.8.1-hbcc6ac9_2.conda
      - conda: https://conda.anaconda.org/conda-forge/linux-64/xz-tools-5.8.1-hb9d3cd8_2.conda
      - conda: https://conda.anaconda.org/conda-forge/noarch/yfinance-0.2.24-pyhd8ed1ab_0.conda
      - conda: https://conda.anaconda.org/conda-forge/linux-64/zstandard-0.23.0-py311h9ecbd09_2.conda
      - conda: https://conda.anaconda.org/conda-forge/linux-64/zstd-1.5.7-hb78ec9c_6.conda
packages:
- conda: https://conda.anaconda.org/conda-forge/linux-64/_libgcc_mutex-0.1-conda_forge.tar.bz2
  sha256: fe51de6107f9edc7aa4f786a70f4a883943bc9d39b3bb7307c04c41410990726
  md5: d7c89558ba9fa0495403155b64376d81
  license: None
  size: 2562
  timestamp: 1578324546067
- conda: https://conda.anaconda.org/conda-forge/linux-64/_openmp_mutex-4.5-2_gnu.tar.bz2
  build_number: 16
  sha256: fbe2c5e56a653bebb982eda4876a9178aedfc2b545f25d0ce9c4c0b508253d22
  md5: 73aaf86a425cc6e73fcf236a5a46396d
  depends:
  - _libgcc_mutex 0.1 conda_forge
  - libgomp >=7.5.0
  constrains:
  - openmp_impl 9999
  license: BSD-3-Clause
  license_family: BSD
  size: 23621
  timestamp: 1650670423406
- conda: https://conda.anaconda.org/conda-forge/noarch/appdirs-1.4.4-pyhd8ed1ab_1.conda
  sha256: 5b9ef6d338525b332e17c3ed089ca2f53a5d74b7a7b432747d29c6466e39346d
  md5: f4e90937bbfc3a4a92539545a37bb448
  depends:
  - python >=3.9
  license: MIT
  license_family: MIT
  size: 14835
  timestamp: 1733754069532
- conda: https://conda.anaconda.org/conda-forge/noarch/beautifulsoup4-4.14.3-pyha770c72_0.conda
  sha256: bf1e71c3c0a5b024e44ff928225a0874fc3c3356ec1a0b6fe719108e6d1288f6
  md5: 5267bef8efea4127aacd1f4e1f149b6e
  depends:
  - python >=3.10
  - soupsieve >=1.2
  - typing-extensions
  license: MIT
  license_family: MIT
  size: 90399
  timestamp: 1764520638652
- conda: https://conda.anaconda.org/conda-forge/linux-64/brotli-python-1.1.0-py311hfdbb021_3.conda
  sha256: 4fab04fcc599853efb2904ea3f935942108613c7515f7dd57e7f034650738c52
  md5: 8565f7297b28af62e5de2d968ca32e31
  depends:
  - __glibc >=2.17,<3.0.a0
  - libgcc >=13
  - libstdcxx >=13
  - python >=3.11,<3.12.0a0
  - python_abi 3.11.* *_cp311
  constrains:
  - libbrotlicommon 1.1.0 hb9d3cd8_3
  arch: x86_64
  platform: linux
  license: MIT
  license_family: MIT
  size: 350166
  timestamp: 1749230304421
- conda: https://conda.anaconda.org/conda-forge/linux-64/bzip2-1.0.8-h4bc722e_7.conda
  sha256: 5ced96500d945fb286c9c838e54fa759aa04a7129c59800f0846b4335cee770d
  md5: 62ee74e96c5ebb0af99386de58cf9553
  depends:
  - __glibc >=2.17,<3.0.a0
  - libgcc-ng >=12
  license: bzip2-1.0.6
  license_family: BSD
  size: 252783
  timestamp: 1720974456583
- conda: https://conda.anaconda.org/conda-forge/noarch/ca-certificates-2025.11.12-hbd8a1cb_0.conda
  sha256: b986ba796d42c9d3265602bc038f6f5264095702dd546c14bc684e60c385e773
  md5: f0991f0f84902f6b6009b4d2350a83aa
  depends:
  - __unix
  license: ISC
  size: 152432
  timestamp: 1762967197890
- conda: https://conda.anaconda.org/conda-forge/noarch/certifi-2025.11.12-pyhd8ed1ab_0.conda
  sha256: 083a2bdad892ccf02b352ecab38ee86c3e610ba9a4b11b073ea769d55a115d32
  md5: 96a02a5c1a65470a7e4eedb644c872fd
  depends:
  - python >=3.10
  license: ISC
  size: 157131
  timestamp: 1762976260320
- conda: https://conda.anaconda.org/conda-forge/linux-64/cffi-1.17.1-py311hf29c0ef_0.conda
  sha256: bc47aa39c8254e9e487b8bcd74cfa3b4a3de3648869eb1a0b89905986b668e35
  md5: 55553ecd5328336368db611f350b7039
  depends:
  - __glibc >=2.17,<3.0.a0
  - libffi >=3.4,<4.0a0
  - libgcc >=13
  - pycparser
  - python >=3.11,<3.12.0a0
  - python_abi 3.11.* *_cp311
  arch: x86_64
  platform: linux
  license: MIT
  license_family: MIT
  size: 302115
  timestamp: 1725560701719
- conda: https://conda.anaconda.org/conda-forge/noarch/charset-normalizer-3.4.4-pyhd8ed1ab_0.conda
  sha256: b32f8362e885f1b8417bac2b3da4db7323faa12d5db62b7fd6691c02d60d6f59
  md5: a22d1fd9bf98827e280a02875d9a007a
  depends:
  - python >=3.10
  license: MIT
  license_family: MIT
  size: 50965
  timestamp: 1760437331772
- conda: https://conda.anaconda.org/conda-forge/linux-64/cryptography-45.0.5-py311hafd3f86_0.conda
  sha256: 82ed8218edcc664d5a9ce6dfe09e70c472d91ab59f56810c11ab4f8e2162e7fc
  md5: d096f77b1dbfab3bcd58a1a9b4023673
  depends:
  - __glibc >=2.17,<3.0.a0
  - cffi >=1.12
  - libgcc >=13
  - openssl >=3.5.1,<4.0a0
  - python >=3.11,<3.12.0a0
  - python_abi 3.11.* *_cp311
  constrains:
  - __glibc >=2.17
  arch: x86_64
  platform: linux
  license: Apache-2.0 AND BSD-3-Clause AND PSF-2.0 AND MIT
  license_family: BSD
  size: 1658005
  timestamp: 1751491380121
- conda: https://conda.anaconda.org/conda-forge/linux-64/frozendict-2.4.6-py311h9ecbd09_0.conda
  sha256: a33ef893e4c09e9a22851b4813a28e2a4a536819eed25491d9d26533b47c8a3b
  md5: 5ed089614b88920f8cc673fe3bc34558
  depends:
  - __glibc >=2.17,<3.0.a0
  - libgcc >=13
  - python >=3.11,<3.12.0a0
  - python_abi 3.11.* *_cp311
  arch: x86_64
  platform: linux
  license: LGPL-3.0-only
  license_family: LGPL
  size: 31287
  timestamp: 1728841469018
- conda: https://conda.anaconda.org/conda-forge/noarch/h2-4.3.0-pyhcf101f3_0.conda
  sha256: 84c64443368f84b600bfecc529a1194a3b14c3656ee2e832d15a20e0329b6da3
  md5: 164fc43f0b53b6e3a7bc7dce5e4f1dc9
  depends:
  - python >=3.10
  - hyperframe >=6.1,<7
  - hpack >=4.1,<5
  - python
  license: MIT
  license_family: MIT
  size: 95967
  timestamp: 1756364871835
- conda: https://conda.anaconda.org/conda-forge/noarch/hpack-4.1.0-pyhd8ed1ab_0.conda
  sha256: 6ad78a180576c706aabeb5b4c8ceb97c0cb25f1e112d76495bff23e3779948ba
  md5: 0a802cb9888dd14eeefc611f05c40b6e
  depends:
  - python >=3.9
  license: MIT
  license_family: MIT
  size: 30731
  timestamp: 1737618390337
- conda: https://conda.anaconda.org/conda-forge/noarch/html5lib-1.1-pyhd8ed1ab_2.conda
  sha256: 8027e436ad59e2a7392f6036392ef9d6c223798d8a1f4f12d5926362def02367
  md5: cf25bfddbd3bc275f3d3f9936cee1dd3
  depends:
  - python >=3.9
  - six >=1.9
  - webencodings
  license: MIT
  license_family: MIT
  size: 94853
  timestamp: 1734075276288
- conda: https://conda.anaconda.org/conda-forge/noarch/hyperframe-6.1.0-pyhd8ed1ab_0.conda
  sha256: 77af6f5fe8b62ca07d09ac60127a30d9069fdc3c68d6b256754d0ffb1f7779f8
  md5: 8e6923fc12f1fe8f8c4e5c9f343256ac
  depends:
  - python >=3.9
  license: MIT
  license_family: MIT
  size: 17397
  timestamp: 1737618427549
- conda: https://conda.anaconda.org/conda-forge/linux-64/icu-75.1-he02047a_0.conda
  sha256: 71e750d509f5fa3421087ba88ef9a7b9be11c53174af3aa4d06aff4c18b38e8e
  md5: 8b189310083baabfb622af68fd9d3ae3
  depends:
  - __glibc >=2.17,<3.0.a0
  - libgcc-ng >=12
  - libstdcxx-ng >=12
  license: MIT
  license_family: MIT
  size: 12129203
  timestamp: 1720853576813
- conda: https://conda.anaconda.org/conda-forge/noarch/idna-3.11-pyhd8ed1ab_0.conda
  sha256: ae89d0299ada2a3162c2614a9d26557a92aa6a77120ce142f8e0109bbf0342b0
  md5: 53abe63df7e10a6ba605dc5f9f961d36
  depends:
  - python >=3.10
  license: BSD-3-Clause
  license_family: BSD
  size: 50721
  timestamp: 1760286526795
- conda: https://conda.anaconda.org/conda-forge/linux-64/ld_impl_linux-64-2.45-default_hbd61a6d_105.conda
  sha256: 1027bd8aa0d5144e954e426ab6218fd5c14e54a98f571985675468b339c808ca
  md5: 3ec0aa5037d39b06554109a01e6fb0c6
  depends:
  - __glibc >=2.17,<3.0.a0
  - zstd >=1.5.7,<1.6.0a0
  constrains:
  - binutils_impl_linux-64 2.45
  license: GPL-3.0-only
  size: 730831
  timestamp: 1766513089214
- conda: https://conda.anaconda.org/conda-forge/linux-64/libblas-3.9.0-24_linux64_openblas.conda
  build_number: 24
  sha256: 3097f7913bda527d4fe9f824182b314e130044e582455037fca6f4e97965d83c
  md5: 80aea6603a6813b16ec119d00382b772
  depends:
  - libopenblas >=0.3.27,<0.3.28.0a0
  - libopenblas >=0.3.27,<1.0a0
  constrains:
  - blas * openblas
  - liblapack 3.9.0 24_linux64_openblas
  - libcblas 3.9.0 24_linux64_openblas
  - liblapacke 3.9.0 24_linux64_openblas
  - mkl <2025
  license: BSD-3-Clause
  license_family: BSD
  size: 14981
  timestamp: 1726668454790
- conda: https://conda.anaconda.org/conda-forge/linux-64/libcblas-3.9.0-24_linux64_openblas.conda
  build_number: 24
  sha256: 2a52bccc5b03cdf014d856d0b85dbd591faa335ab337d620cd6aded121d7153c
  md5: f5b8822297c9c790cec0795ca1fc9be6
  depends:
  - libblas 3.9.0 24_linux64_openblas
  constrains:
  - blas * openblas
  - liblapack 3.9.0 24_linux64_openblas
  - liblapacke 3.9.0 24_linux64_openblas
  - mkl <2025
  license: BSD-3-Clause
  license_family: BSD
  size: 14910
  timestamp: 1726668461033
- conda: https://conda.anaconda.org/conda-forge/linux-64/libffi-3.4.6-h2dba641_1.conda
  sha256: 764432d32db45466e87f10621db5b74363a9f847d2b8b1f9743746cd160f06ab
  md5: ede4673863426c0883c0063d853bbd85
  depends:
  - __glibc >=2.17,<3.0.a0
  - libgcc >=13
  license: MIT
  license_family: MIT
  size: 57433
  timestamp: 1743434498161
- conda: https://conda.anaconda.org/conda-forge/linux-64/libgcc-13.4.0-he0feb66_16.conda
  sha256: 95a367badae252e8ad55c5070484190cb29ca760ebf182a0c008a4a28b3d7e0a
  md5: b1e48d3c8dfedd0877eec2d507313762
  depends:
  - __glibc >=2.17,<3.0.a0
  - _openmp_mutex >=4.5
  constrains:
  - libgcc-ng ==13.4.0=*_16
  - libgomp 13.4.0 he0feb66_16
  license: GPL-3.0-only WITH GCC-exception-3.1
  license_family: GPL
  size: 963544
  timestamp: 1765255807063
- conda: https://conda.anaconda.org/conda-forge/linux-64/libgcc-ng-13.4.0-h69a702a_16.conda
  sha256: 8f2b5729cabedd51ae44d14b8afc786e04d23b24160ff7328bc31f539ee49c5c
  md5: a7b68a835f908e78914c56aa74a0b06c
  depends:
  - libgcc 13.4.0 he0feb66_16
  license: GPL-3.0-only WITH GCC-exception-3.1
  license_family: GPL
  size: 27275
  timestamp: 1765255823375
- conda: https://conda.anaconda.org/conda-forge/linux-64/libgfortran-13.4.0-h69a702a_16.conda
  sha256: c3797c4566e0b7490c92e7c3f32638914e18b12b1ee38dc5b0d3e1e8cd7c3164
  md5: 9a18bd2e8bef026f356c1a4fcfbc14bd
  depends:
  - libgfortran5 13.4.0 hd358419_16
  constrains:
  - libgfortran-ng ==13.4.0=*_16
  license: GPL-3.0-only WITH GCC-exception-3.1
  license_family: GPL
  size: 27243
  timestamp: 1765255873084
- conda: https://conda.anaconda.org/conda-forge/linux-64/libgfortran-ng-13.4.0-h69a702a_16.conda
  sha256: e1de0cde7e2f49ff47a291a799c027457b56346d33abd7aadb45667d0abe3f1b
  md5: f19bc52ad7e221178466a20c62d6fdeb
  depends:
  - libgfortran 13.4.0 h69a702a_16
  license: GPL-3.0-only WITH GCC-exception-3.1
  license_family: GPL
  size: 27286
  timestamp: 1765256105337
- conda: https://conda.anaconda.org/conda-forge/linux-64/libgfortran5-13.4.0-hd358419_16.conda
  sha256: 11b8e4e45aa1e6a0db088d7ec175ad3c146afacde17601aa27e9a441f816bc09
  md5: fe992c1104c589b3993950a067fb02ea
  depends:
  - __glibc >=2.17,<3.0.a0
  - libgcc >=13.4.0
  constrains:
  - libgfortran 13.4.0
  license: GPL-3.0-only WITH GCC-exception-3.1
  license_family: GPL
  size: 2286266
  timestamp: 1765255842312
- conda: https://conda.anaconda.org/conda-forge/linux-64/libgomp-13.4.0-he0feb66_16.conda
  sha256: cfbf3a23ba1b7b727652fe0612be8ff20e598d87c77b9df87df9523c489f98c2
  md5: fe13085800173642b1ea4ce7aaa6d629
  depends:
  - __glibc >=2.17,<3.0.a0
  license: GPL-3.0-only WITH GCC-exception-3.1
  license_family: GPL
  size: 567986
  timestamp: 1765255683149
- conda: https://conda.anaconda.org/conda-forge/linux-64/libiconv-1.18-h4ce23a2_1.conda
  sha256: 18a4afe14f731bfb9cf388659994263904d20111e42f841e9eea1bb6f91f4ab4
  md5: e796ff8ddc598affdf7c173d6145f087
  depends:
  - __glibc >=2.17,<3.0.a0
  - libgcc >=13
  license: LGPL-2.1-only
  size: 713084
  timestamp: 1740128065462
- conda: https://conda.anaconda.org/conda-forge/linux-64/liblapack-3.9.0-24_linux64_openblas.conda
  build_number: 24
  sha256: a15da20c3c0fb5f356e5b4e2f1e87b0da11b9a46805a7f2609bf30f23453831a
  md5: fd540578678aefe025705f4b58b36b2e
  depends:
  - libblas 3.9.0 24_linux64_openblas
  constrains:
  - blas * openblas
  - libcblas 3.9.0 24_linux64_openblas
  - liblapacke 3.9.0 24_linux64_openblas
  - mkl <2025
  license: BSD-3-Clause
  license_family: BSD
  size: 14911
  timestamp: 1726668467187
- conda: https://conda.anaconda.org/conda-forge/linux-64/liblzma-5.8.1-hb9d3cd8_2.conda
  sha256: f2591c0069447bbe28d4d696b7fcb0c5bd0b4ac582769b89addbcf26fb3430d8
  md5: 1a580f7796c7bf6393fddb8bbbde58dc
  depends:
  - __glibc >=2.17,<3.0.a0
  - libgcc >=13
  constrains:
  - xz 5.8.1.*
  license: 0BSD
  size: 112894
  timestamp: 1749230047870
- conda: https://conda.anaconda.org/conda-forge/linux-64/liblzma-devel-5.8.1-hb9d3cd8_2.conda
  sha256: 329e66330a8f9cbb6a8d5995005478188eb4ba8a6b6391affa849744f4968492
  md5: f61edadbb301530bd65a32646bd81552
  depends:
  - __glibc >=2.17,<3.0.a0
  - libgcc >=13
  - liblzma 5.8.1 hb9d3cd8_2
  arch: x86_64
  platform: linux
  license: 0BSD
  size: 439868
  timestamp: 1749230061968
- conda: https://conda.anaconda.org/conda-forge/linux-64/libnsl-2.0.1-hb9d3cd8_1.conda
  sha256: 927fe72b054277cde6cb82597d0fcf6baf127dcbce2e0a9d8925a68f1265eef5
  md5: d864d34357c3b65a4b731f78c0801dc4
  depends:
  - __glibc >=2.17,<3.0.a0
  - libgcc >=13
  arch: x86_64
  platform: linux
  license: LGPL-2.1-only
  license_family: GPL
  size: 33731
  timestamp: 1750274110928
- conda: https://conda.anaconda.org/conda-forge/linux-64/libopenblas-0.3.27-pthreads_hac2b453_1.conda
  sha256: 714cb82d7c4620ea2635a92d3df263ab841676c9b183d0c01992767bb2451c39
  md5: ae05ece66d3924ac3d48b4aa3fa96cec
  depends:
  - libgcc-ng >=12
  - libgfortran-ng
  - libgfortran5 >=12.3.0
  constrains:
  - openblas >=0.3.27,<0.3.28.0a0
  license: BSD-3-Clause
  license_family: BSD
  size: 5563053
  timestamp: 1720426334043
- conda: https://conda.anaconda.org/conda-forge/linux-64/libsqlite-3.50.2-h2f26a44_1.conda
  sha256: 20bbeb64a1b427832d5f29be5b0506a91462028fc492fe9958d02b2c135714d8
  md5: 3d7a6ff85f94535f9c524afd4533424f
  depends:
  - __glibc >=2.17,<3.0.a0
  - icu >=75.1,<76.0a0
  - libgcc >=13
  - libzlib >=1.3.1,<2.0a0
  license: Unlicense
  size: 925117
  timestamp: 1752070211965
- conda: https://conda.anaconda.org/conda-forge/linux-64/libstdcxx-13.4.0-h934c35e_16.conda
  sha256: e7a323303fa321d36aa6d85f765764d70f2b12ae9fa76f3254da979c3d292005
  md5: a4e21e4e0c07efd7abb6a215707f30a5
  depends:
  - __glibc >=2.17,<3.0.a0
  - libgcc 13.4.0 he0feb66_16
  constrains:
  - libstdcxx-ng ==13.4.0=*_16
  license: GPL-3.0-only WITH GCC-exception-3.1
  license_family: GPL
  size: 5683266
  timestamp: 1765255864469
- conda: https://conda.anaconda.org/conda-forge/linux-64/libstdcxx-ng-13.4.0-hdf11a46_16.conda
  sha256: 04dce8d4168c5e79a5b2455357dbc2dc125b8c9c58261ac1b3d534057d4bb925
  md5: 26f7705682afb14a18a0ad080729a7fc
  depends:
  - libstdcxx 13.4.0 h934c35e_16
  license: GPL-3.0-only WITH GCC-exception-3.1
  license_family: GPL
  size: 27322
  timestamp: 1765255924087
- conda: https://conda.anaconda.org/conda-forge/linux-64/libuuid-2.38.1-h0b41bf4_0.conda
  sha256: 787eb542f055a2b3de553614b25f09eefb0a0931b0c87dbcce6efdfd92f04f18
  md5: 40b61aab5c7ba9ff276c41cfffe6b80b
  depends:
  - libgcc-ng >=12
  license: BSD-3-Clause
  license_family: BSD
  size: 33601
  timestamp: 1680112270483
- conda: https://conda.anaconda.org/conda-forge/linux-64/libxml2-2.13.8-h4bc477f_0.conda
  sha256: b0b3a96791fa8bb4ec030295e8c8bf2d3278f33c0f9ad540e73b5e538e6268e7
  md5: 14dbe05b929e329dbaa6f2d0aa19466d
  depends:
  - __glibc >=2.17,<3.0.a0
  - icu >=75.1,<76.0a0
  - libgcc >=13
  - libiconv >=1.18,<2.0a0
  - liblzma >=5.8.1,<6.0a0
  - libzlib >=1.3.1,<2.0a0
  license: MIT
  license_family: MIT
  size: 690864
  timestamp: 1746634244154
- conda: https://conda.anaconda.org/conda-forge/linux-64/libxslt-1.1.43-h7a3aeb2_0.conda
  sha256: 35ddfc0335a18677dd70995fa99b8f594da3beb05c11289c87b6de5b930b47a3
  md5: 31059dc620fa57d787e3899ed0421e6d
  depends:
  - __glibc >=2.17,<3.0.a0
  - libgcc >=13
  - libxml2 >=2.13.8,<2.14.0a0
  license: MIT
  license_family: MIT
  size: 244399
  timestamp: 1753273455036
- conda: https://conda.anaconda.org/conda-forge/linux-64/libzlib-1.3.1-hb9d3cd8_2.conda
  sha256: d4bfe88d7cb447768e31650f06257995601f89076080e76df55e3112d4e47dc4
  md5: edb0dca6bc32e4f4789199455a1dbeb8
  depends:
  - __glibc >=2.17,<3.0.a0
  - libgcc >=13
  constrains:
  - zlib 1.3.1 *_2
  license: Zlib
  license_family: Other
  size: 60963
  timestamp: 1727963148474
- conda: https://conda.anaconda.org/conda-forge/linux-64/lxml-6.0.0-py311hbd2c71b_0.conda
  sha256: 0c8783524bd51f8e9d6ec1322e74fdd200036e994b331d8a37aa28759e15b595
  md5: 3fee70825164281b54d6c3aba97e619c
  depends:
  - __glibc >=2.17,<3.0.a0
  - libgcc >=13
  - libxml2 >=2.13.8,<2.14.0a0
  - libxslt >=1.1.39,<2.0a0
  - libzlib >=1.3.1,<2.0a0
  - python >=3.11,<3.12.0a0
  - python_abi 3.11.* *_cp311
  arch: x86_64
  platform: linux
  license: BSD-3-Clause and MIT-CMU
  size: 1584583
  timestamp: 1751021744404
- conda: https://conda.anaconda.org/conda-forge/noarch/multitasking-0.0.12-pyhd8ed1ab_0.conda
  sha256: a640fbe919033fc56d44542a159bda42fbb11e33a3b3ee7c4fe85bc32ef338be
  md5: f9a504fddf5bc43439e93391f5c50a1a
  depends:
  - python >=3.9
  license: Apache-2.0
  license_family: APACHE
  size: 20915
  timestamp: 1753115316547
- conda: https://conda.anaconda.org/conda-forge/linux-64/ncurses-6.5-h2d0b736_3.conda
  sha256: 3fde293232fa3fca98635e1167de6b7c7fda83caf24b9d6c91ec9eefb4f4d586
  md5: 47e340acb35de30501a76c7c799c41d7
  depends:
  - __glibc >=2.17,<3.0.a0
  - libgcc >=13
  license: X11 AND BSD-3-Clause
  size: 891641
  timestamp: 1738195959188
- conda: https://conda.anaconda.org/conda-forge/linux-64/numpy-2.3.1-py311h519dc76_0.conda
  sha256: 3d58e99d5d15eb31d41122728adbe7945867f95373c756367b536a41b77ec377
  md5: 3c92d1c6a7938b0f92997bd0485561ef
  depends:
  - __glibc >=2.17,<3.0.a0
  - libblas >=3.9.0,<4.0a0
  - libcblas >=3.9.0,<4.0a0
  - libgcc >=13
  - liblapack >=3.9.0,<4.0a0
  - libstdcxx >=13
  - python >=3.11,<3.12.0a0
  - python_abi 3.11.* *_cp311
  constrains:
  - numpy-base <0a0
  arch: x86_64
  platform: linux
  license: BSD-3-Clause
  license_family: BSD
  size: 9095934
  timestamp: 1751342616995
- conda: https://conda.anaconda.org/conda-forge/linux-64/openssl-3.5.1-h7b32b05_0.conda
  sha256: 942347492164190559e995930adcdf84e2fea05307ec8012c02a505f5be87462
  md5: c87df2ab1448ba69169652ab9547082d
  depends:
  - __glibc >=2.17,<3.0.a0
  - ca-certificates
  - libgcc >=13
  license: Apache-2.0
  license_family: Apache
  size: 3131002
  timestamp: 1751390382076
- conda: https://conda.anaconda.org/conda-forge/linux-64/pandas-2.3.0-py311h7db5c69_0.conda
  sha256: 402602238308e04062e599b2df0984ed77beca8f9fe49cc78559cc716d816e2d
  md5: 805040d254f51cb15df55eff6e213d09
  depends:
  - __glibc >=2.17,<3.0.a0
  - libgcc >=13
  - libstdcxx >=13
  - numpy >=1.19,<3
  - numpy >=1.22.4
  - python >=3.11,<3.12.0a0
  - python-dateutil >=2.8.2
  - python-tzdata >=2022.7
  - python_abi 3.11.* *_cp311
  - pytz >=2020.1
  constrains:
  - pyqt5 >=5.15.9
  - beautifulsoup4 >=4.11.2
  - odfpy >=1.4.1
  - s3fs >=2022.11.0
  - lxml >=4.9.2
  - bottleneck >=1.3.6
  - tzdata >=2022.7
  - numba >=0.56.4
  - xarray >=2022.12.0
  - scipy >=1.10.0
  - xlrd >=2.0.1
  - matplotlib >=3.6.3
  - pandas-gbq >=0.19.0
  - zstandard >=0.19.0
  - psycopg2 >=2.9.6
  - sqlalchemy >=2.0.0
  - pyxlsb >=1.0.10
  - python-calamine >=0.1.7
  - tabulate >=0.9.0
  - xlsxwriter >=3.0.5
  - openpyxl >=3.1.0
  - blosc >=1.21.3
  - pytables >=3.8.0
  - qtpy >=2.3.0
  - html5lib >=1.1
  - fsspec >=2022.11.0
  - numexpr >=2.8.4
  - gcsfs >=2022.11.0
  - fastparquet >=2022.12.0
  - pyreadstat >=1.2.0
  - pyarrow >=10.0.1
  arch: x86_64
  platform: linux
  license: BSD-3-Clause
  license_family: BSD
  size: 15299103
  timestamp: 1749100113269
- conda: https://conda.anaconda.org/conda-forge/noarch/pycparser-2.22-pyh29332c3_1.conda
  sha256: 79db7928d13fab2d892592223d7570f5061c192f27b9febd1a418427b719acc6
  md5: 12c566707c80111f9799308d9e265aef
  depends:
  - python >=3.9
  - python
  license: BSD-3-Clause
  license_family: BSD
  size: 110100
  timestamp: 1733195786147
- conda: https://conda.anaconda.org/conda-forge/noarch/pysocks-1.7.1-pyha55dd90_7.conda
  sha256: ba3b032fa52709ce0d9fd388f63d330a026754587a2f461117cac9ab73d8d0d8
  md5: 461219d1a5bd61342293efa2c0c90eac
  depends:
  - __unix
  - python >=3.9
  license: BSD-3-Clause
  license_family: BSD
  size: 21085
  timestamp: 1733217331982
- conda: https://conda.anaconda.org/conda-forge/linux-64/python-3.11.0-he550d4f_1_cpython.conda
  build_number: 1
  sha256: 464f998e406b645ba34771bb53a0a7c2734e855ee78dd021aa4dedfdb65659b7
  md5: 8d14fc2aa12db370a443753c8230be1e
  depends:
  - bzip2 >=1.0.8,<2.0a0
  - ld_impl_linux-64 >=2.36.1
  - libffi >=3.4,<4.0a0
  - libgcc-ng >=12
  - libnsl >=2.0.0,<2.1.0a0
  - libsqlite >=3.40.0,<4.0a0
  - libuuid >=2.32.1,<3.0a0
  - libzlib >=1.2.13,<2.0.0a0
  - ncurses >=6.3,<7.0a0
  - openssl >=3.0.7,<4.0a0
  - readline >=8.1.2,<9.0a0
  - tk >=8.6.12,<8.7.0a0
  - tzdata
  - xz >=5.2.6,<6.0a0
  constrains:
  - python_abi 3.11.* *_cp311
  arch: x86_64
  platform: linux
  license: Python-2.0
  size: 31476523
  timestamp: 1673700777998
- conda: https://conda.anaconda.org/conda-forge/noarch/python-dateutil-2.9.0.post0-pyhe01879c_2.conda
  sha256: d6a17ece93bbd5139e02d2bd7dbfa80bee1a4261dced63f65f679121686bf664
  md5: 5b8d21249ff20967101ffa321cab24e8
  depends:
  - python >=3.9
  - six >=1.5
  - python
  license: Apache-2.0
  license_family: APACHE
  size: 233310
  timestamp: 1751104122689
- conda: https://conda.anaconda.org/conda-forge/noarch/python-tzdata-2025.3-pyhd8ed1ab_0.conda
  sha256: 467134ef39f0af2dbb57d78cb3e4821f01003488d331a8dd7119334f4f47bfbd
  md5: 7ead57407430ba33f681738905278d03
  depends:
  - python >=3.10
  license: Apache-2.0
  license_family: APACHE
  size: 143542
  timestamp: 1765719982349
- conda: https://conda.anaconda.org/conda-forge/noarch/python_abi-3.11-8_cp311.conda
  build_number: 8
  sha256: fddf123692aa4b1fc48f0471e346400d9852d96eeed77dbfdd746fa50a8ff894
  md5: 8fcb6b0e2161850556231336dae58358
  constrains:
  - python 3.11.* *_cpython
  license: BSD-3-Clause
  license_family: BSD
  size: 7003
  timestamp: 1752805919375
- conda: https://conda.anaconda.org/conda-forge/noarch/pytz-2025.2-pyhd8ed1ab_0.conda
  sha256: 8d2a8bf110cc1fc3df6904091dead158ba3e614d8402a83e51ed3a8aa93cdeb0
  md5: bc8e3267d44011051f2eb14d22fb0960
  depends:
  - python >=3.9
  license: MIT
  license_family: MIT
  size: 189015
  timestamp: 1742920947249
- conda: https://conda.anaconda.org/conda-forge/linux-64/readline-8.2-h8c095d6_2.conda
  sha256: 2d6d0c026902561ed77cd646b5021aef2d4db22e57a5b0178dfc669231e06d2c
  md5: 283b96675859b20a825f8fa30f311446
  depends:
  - libgcc >=13
  - ncurses >=6.5,<7.0a0
  license: GPL-3.0-only
  license_family: GPL
  size: 282480
  timestamp: 1740379431762
- conda: https://conda.anaconda.org/conda-forge/noarch/requests-2.32.5-pyhd8ed1ab_0.conda
  sha256: 8dc54e94721e9ab545d7234aa5192b74102263d3e704e6d0c8aa7008f2da2a7b
  md5: db0c6b99149880c8ba515cf4abe93ee4
  depends:
  - certifi >=2017.4.17
  - charset-normalizer >=2,<4
  - idna >=2.5,<4
  - python >=3.9
  - urllib3 >=1.21.1,<3
  constrains:
  - chardet >=3.0.2,<6
  license: Apache-2.0
  license_family: APACHE
  size: 59263
  timestamp: 1755614348400
- conda: https://conda.anaconda.org/conda-forge/noarch/six-1.17.0-pyhe01879c_1.conda
  sha256: 458227f759d5e3fcec5d9b7acce54e10c9e1f4f4b7ec978f3bfd54ce4ee9853d
  md5: 3339e3b65d58accf4ca4fb8748ab16b3
  depends:
  - python >=3.9
  - python
  license: MIT
  license_family: MIT
  size: 18455
  timestamp: 1753199211006
- conda: https://conda.anaconda.org/conda-forge/noarch/soupsieve-2.8.1-pyhd8ed1ab_0.conda
  sha256: 4ba9b8c45862e54d05ed9a04cc6aab5a17756ab9865f57cbf2836e47144153d2
  md5: 7de28c27fe620a4f7dbfaea137c6232b
  depends:
  - python >=3.10
  license: MIT
  size: 37951
  timestamp: 1766075884412
- conda: https://conda.anaconda.org/conda-forge/linux-64/tk-8.6.13-noxft_ha0e22de_103.conda
  sha256: 1544760538a40bcd8ace2b1d8ebe3eb5807ac268641f8acdc18c69c5ebfeaf64
  md5: 86bc20552bf46075e3d92b67f089172d
  depends:
  - __glibc >=2.17,<3.0.a0
  - libgcc >=13
  - libzlib >=1.3.1,<2.0a0
  constrains:
  - xorg-libx11 >=1.8.12,<2.0a0
  license: TCL
  license_family: BSD
  size: 3284905
  timestamp: 1763054914403
- conda: https://conda.anaconda.org/conda-forge/noarch/typing-extensions-4.15.0-h396c80c_0.conda
  sha256: 7c2df5721c742c2a47b2c8f960e718c930031663ac1174da67c1ed5999f7938c
  md5: edd329d7d3a4ab45dcf905899a7a6115
  depends:
  - typing_extensions ==4.15.0 pyhcf101f3_0
  license: PSF-2.0
  license_family: PSF
  size: 91383
  timestamp: 1756220668932
- conda: https://conda.anaconda.org/conda-forge/noarch/typing_extensions-4.15.0-pyhcf101f3_0.conda
  sha256: 032271135bca55aeb156cee361c81350c6f3fb203f57d024d7e5a1fc9ef18731
  md5: 0caa1af407ecff61170c9437a808404d
  depends:
  - python >=3.10
  - python
  license: PSF-2.0
  license_family: PSF
  size: 51692
  timestamp: 1756220668932
- conda: https://conda.anaconda.org/conda-forge/noarch/tzdata-2025c-h8577fbf_0.conda
  sha256: 50fad5db6734d1bb73df1cf5db73215e326413d4b2137933f70708aa1840e25b
  md5: 338201218b54cadff2e774ac27733990
  license: LicenseRef-Public-Domain
  size: 119204
  timestamp: 1765745742795
- conda: https://conda.anaconda.org/conda-forge/noarch/urllib3-2.5.0-pyhd8ed1ab_0.conda
  sha256: 4fb9789154bd666ca74e428d973df81087a697dbb987775bc3198d2215f240f8
  md5: 436c165519e140cb08d246a4472a9d6a
  depends:
  - brotli-python >=1.0.9
  - h2 >=4,<5
  - pysocks >=1.5.6,<2.0,!=1.5.7
  - python >=3.9
  - zstandard >=0.18.0
  license: MIT
  license_family: MIT
  size: 101735
  timestamp: 1750271478254
- conda: https://conda.anaconda.org/conda-forge/noarch/webencodings-0.5.1-pyhd8ed1ab_3.conda
  sha256: 19ff205e138bb056a46f9e3839935a2e60bd1cf01c8241a5e172a422fed4f9c6
  md5: 2841eb5bfc75ce15e9a0054b98dcd64d
  depends:
  - python >=3.9
  license: BSD-3-Clause
  license_family: BSD
  size: 15496
  timestamp: 1733236131358
- conda: https://conda.anaconda.org/conda-forge/linux-64/xz-5.8.1-hbcc6ac9_2.conda
  sha256: 802725371682ea06053971db5b4fb7fbbcaee9cb1804ec688f55e51d74660617
  md5: 68eae977d7d1196d32b636a026dc015d
  depends:
  - __glibc >=2.17,<3.0.a0
  - libgcc >=13
  - liblzma 5.8.1 hb9d3cd8_2
  - liblzma-devel 5.8.1 hb9d3cd8_2
  - xz-gpl-tools 5.8.1 hbcc6ac9_2
  - xz-tools 5.8.1 hb9d3cd8_2
  arch: x86_64
  platform: linux
  license: 0BSD AND LGPL-2.1-or-later AND GPL-2.0-or-later
  size: 23987
  timestamp: 1749230104359
- conda: https://conda.anaconda.org/conda-forge/linux-64/xz-gpl-tools-5.8.1-hbcc6ac9_2.conda
  sha256: 840838dca829ec53f1160f3fca6dbfc43f2388b85f15d3e867e69109b168b87b
  md5: bf627c16aa26231720af037a2709ab09
  depends:
  - __glibc >=2.17,<3.0.a0
  - libgcc >=13
  - liblzma 5.8.1 hb9d3cd8_2
  constrains:
  - xz 5.8.1.*
  arch: x86_64
  platform: linux
  license: 0BSD AND LGPL-2.1-or-later AND GPL-2.0-or-later
  size: 33911
  timestamp: 1749230090353
- conda: https://conda.anaconda.org/conda-forge/linux-64/xz-tools-5.8.1-hb9d3cd8_2.conda
  sha256: 58034f3fca491075c14e61568ad8b25de00cb3ae479de3e69be6d7ee5d3ace28
  md5: 1bad2995c8f1c8075c6c331bf96e46fb
  depends:
  - __glibc >=2.17,<3.0.a0
  - libgcc >=13
  - liblzma 5.8.1 hb9d3cd8_2
  constrains:
  - xz 5.8.1.*
  arch: x86_64
  platform: linux
  license: 0BSD AND LGPL-2.1-or-later
  size: 96433
  timestamp: 1749230076687
- conda: https://conda.anaconda.org/conda-forge/noarch/yfinance-0.2.24-pyhd8ed1ab_0.conda
  sha256: fa8dbe0c7e5ff7f0b3dc3cc8549024b9db474c9002d4307e3047f3ab2cc31c70
  md5: 203bf1ef5e03500f7008cf4f5dc7666f
  depends:
  - appdirs >=1.4.4
  - beautifulsoup4 >=4.11.1
  - cryptography >=3.3.2
  - frozendict >=2.3.4
  - html5lib >=1.1
  - lxml >=4.9.1
  - multitasking >=0.0.7
  - numpy >=1.16.5
  - pandas >=1.3.0
  - python >=3.6
  - pytz >=2022.5
  - requests >=2.26
  license: Apache-2.0
  license_family: APACHE
  size: 56645
  timestamp: 1689353093958
- conda: https://conda.anaconda.org/conda-forge/linux-64/zstandard-0.23.0-py311h9ecbd09_2.conda
  sha256: 76d28240cc9fa0c3cb2cde750ecaf98716ce397afaf1ce90f8d18f5f43a122f1
  md5: ca02de88df1cc3cfc8f24766ff50cb3c
  depends:
  - __glibc >=2.17,<3.0.a0
  - cffi >=1.11
  - libgcc >=13
  - python >=3.11,<3.12.0a0
  - python_abi 3.11.* *_cp311
  arch: x86_64
  platform: linux
  license: BSD-3-Clause
  license_family: BSD
  size: 731883
  timestamp: 1745869796301
- conda: https://conda.anaconda.org/conda-forge/linux-64/zstd-1.5.7-hb78ec9c_6.conda
  sha256: 68f0206ca6e98fea941e5717cec780ed2873ffabc0e1ed34428c061e2c6268c7
  md5: 4a13eeac0b5c8e5b8ab496e6c4ddd829
  depends:
  - __glibc >=2.17,<3.0.a0
  - libzlib >=1.3.1,<2.0a0
  license: BSD-3-Clause
  license_family: BSD
  size: 601375
  timestamp: 1764777111296
